# This file is automatically @generated by Cargo.
# It is not intended for manual editing.
version = 4

[[package]]
name = "vyges-hold-fix"
version = "0.1.12"
dependencies = [
 "vyges-sta-si",
]

[[package]]
name = "vyges-loom"
version = "0.1.11"
source = "git+https://github.com/vyges-tools/loom?branch=main#9adeb67112b389cff9e5e6e81eb959ce4057e6e0"

[[package]]
name = "vyges-sta-si"
version = "0.1.11"
source = "git+https://github.com/vyges-tools/sta-si?branch=main#d7843967cc53075c41b80fa7874788cede8abcc7"
dependencies = [
 "vyges-loom",
]
